
Microsoft Visual Studio Solution File, Format Version 12.00
# Visual Studio Version 17
VisualStudioVersion = 17.2.32616.157
MinimumVisualStudioVersion = 10.0.40219.1
Project("{FAE04EC0-301F-11D3-BF4B-00C04F79EFBC}") = "ConsoleApp1", "ConsoleApp1\ConsoleApp1.csproj", "{1FA552B6-493C-4C18-A774-58C653A11591}"
EndProject
Global
	GlobalSection(SolutionConfigurationPlatforms) = preSolution
		Debug|Any CPU = Debug|Any CPU
		Release|Any CPU = Release|Any CPU
	EndGlobalSection
	GlobalSection(ProjectConfigurationPlatforms) = postSolution
		{1FA552B6-493C-4C18-A774-58C653A11591}.Debug|Any CPU.ActiveCfg = Debug|Any CPU
		{1FA552B6-493C-4C18-A774-58C653A11591}.Debug|Any CPU.Build.0 = Debug|Any CPU
		{1FA552B6-493C-4C18-A774-58C653A11591}.Release|Any CPU.ActiveCfg = Release|Any CPU
		{1FA552B6-493C-4C18-A774-58C653A11591}.Release|Any CPU.Build.0 = Release|Any CPU
	EndGlobalSection
	GlobalSection(SolutionProperties) = preSolution
		HideSolutionNode = FALSE
	EndGlobalSection
	GlobalSection(ExtensibilityGlobals) = postSolution
		SolutionGuid = {7B4109DA-031C-4BA8-BC7C-499DA84B696A}
	EndGlobalSection
EndGlobal
