
Microsoft Visual Studio Solution File, Format Version 12.00
# Visual Studio Version 17
VisualStudioVersion = 17.2.32616.157
MinimumVisualStudioVersion = 10.0.40219.1
Project("{FAE04EC0-301F-11D3-BF4B-00C04F79EFBC}") = "Actividad3", "Actividad3\Actividad3.csproj", "{57BB2367-5B99-4139-9DD6-4002C6509DD7}"
EndProject
Global
	GlobalSection(SolutionConfigurationPlatforms) = preSolution
		Debug|Any CPU = Debug|Any CPU
		Release|Any CPU = Release|Any CPU
	EndGlobalSection
	GlobalSection(ProjectConfigurationPlatforms) = postSolution
		{57BB2367-5B99-4139-9DD6-4002C6509DD7}.Debug|Any CPU.ActiveCfg = Debug|Any CPU
		{57BB2367-5B99-4139-9DD6-4002C6509DD7}.Debug|Any CPU.Build.0 = Debug|Any CPU
		{57BB2367-5B99-4139-9DD6-4002C6509DD7}.Release|Any CPU.ActiveCfg = Release|Any CPU
		{57BB2367-5B99-4139-9DD6-4002C6509DD7}.Release|Any CPU.Build.0 = Release|Any CPU
	EndGlobalSection
	GlobalSection(SolutionProperties) = preSolution
		HideSolutionNode = FALSE
	EndGlobalSection
	GlobalSection(ExtensibilityGlobals) = postSolution
		SolutionGuid = {7EC32D30-97C0-44CD-9875-1EC4469884F7}
	EndGlobalSection
EndGlobal
